
Microsoft Visual Studio Solution File, Format Version 12.00
# Visual Studio 2013
VisualStudioVersion = 12.0.31101.0
MinimumVisualStudioVersion = 10.0.40219.1
Project("{2150E333-8FDC-42A3-9474-1A3956D46DE8}") = "Tools", "Tools", "{F0D70545-7A18-4D06-A7F8-73C6CC8459D0}"
EndProject
Project("{8BC9CEB8-8B4A-11D0-8D11-00A0C91BC942}") = "WillowConvert", "Tools\WillowConvert\WillowConvert.vcxproj", "{4700682C-35A0-4338-9860-7330D1341505}"
	ProjectSection(ProjectDependencies) = postProject
		{B17B9116-AFA2-4D56-B791-C95F2F75214B} = {B17B9116-AFA2-4D56-B791-C95F2F75214B}
		{D2766A8D-1009-4616-A420-C8F14E45DBDF} = {D2766A8D-1009-4616-A420-C8F14E45DBDF}
		{BFD70EB7-B841-46D3-872F-E71BFBA95A58} = {BFD70EB7-B841-46D3-872F-E71BFBA95A58}
	EndProjectSection
EndProject
Project("{2150E333-8FDC-42A3-9474-1A3956D46DE8}") = "Modules", "Modules", "{CABEFA9C-B78F-4081-B907-05D7832933B1}"
EndProject
Project("{8BC9CEB8-8B4A-11D0-8D11-00A0C91BC942}") = "Render", "Modules\Render\Render.vcxproj", "{D3DE9FCC-C429-4E36-A88E-DAC1004F1944}"
	ProjectSection(ProjectDependencies) = postProject
		{B17B9116-AFA2-4D56-B791-C95F2F75214B} = {B17B9116-AFA2-4D56-B791-C95F2F75214B}
		{D2766A8D-1009-4616-A420-C8F14E45DBDF} = {D2766A8D-1009-4616-A420-C8F14E45DBDF}
		{BFD70EB7-B841-46D3-872F-E71BFBA95A58} = {BFD70EB7-B841-46D3-872F-E71BFBA95A58}
	EndProjectSection
EndProject
Project("{2150E333-8FDC-42A3-9474-1A3956D46DE8}") = "Runtimes", "Runtimes", "{97E92D54-1004-4310-B2CE-B5E36A1CE6B9}"
EndProject
Project("{8BC9CEB8-8B4A-11D0-8D11-00A0C91BC942}") = "Windows", "Runtimes\Windows\Windows.vcxproj", "{006360EA-43D5-4C0F-87E2-86DB46E096E2}"
	ProjectSection(ProjectDependencies) = postProject
		{B17B9116-AFA2-4D56-B791-C95F2F75214B} = {B17B9116-AFA2-4D56-B791-C95F2F75214B}
		{C257E175-629A-42F3-A52A-CEC2D0DBBCF2} = {C257E175-629A-42F3-A52A-CEC2D0DBBCF2}
		{D2766A8D-1009-4616-A420-C8F14E45DBDF} = {D2766A8D-1009-4616-A420-C8F14E45DBDF}
		{CC0E3BAE-4927-47E9-835E-4A83BE0FEBE9} = {CC0E3BAE-4927-47E9-835E-4A83BE0FEBE9}
		{BFD70EB7-B841-46D3-872F-E71BFBA95A58} = {BFD70EB7-B841-46D3-872F-E71BFBA95A58}
		{D3DE9FCC-C429-4E36-A88E-DAC1004F1944} = {D3DE9FCC-C429-4E36-A88E-DAC1004F1944}
	EndProjectSection
EndProject
Project("{2150E333-8FDC-42A3-9474-1A3956D46DE8}") = "Projects", "Projects", "{5B19A31F-43DC-4423-8E08-BBD42C00B96D}"
EndProject
Project("{8BC9CEB8-8B4A-11D0-8D11-00A0C91BC942}") = "ExampleGame", "Projects\ExampleGame\ExampleGame.vcxproj", "{CC0E3BAE-4927-47E9-835E-4A83BE0FEBE9}"
	ProjectSection(ProjectDependencies) = postProject
		{B17B9116-AFA2-4D56-B791-C95F2F75214B} = {B17B9116-AFA2-4D56-B791-C95F2F75214B}
		{C257E175-629A-42F3-A52A-CEC2D0DBBCF2} = {C257E175-629A-42F3-A52A-CEC2D0DBBCF2}
		{D2766A8D-1009-4616-A420-C8F14E45DBDF} = {D2766A8D-1009-4616-A420-C8F14E45DBDF}
		{BFD70EB7-B841-46D3-872F-E71BFBA95A58} = {BFD70EB7-B841-46D3-872F-E71BFBA95A58}
		{D3DE9FCC-C429-4E36-A88E-DAC1004F1944} = {D3DE9FCC-C429-4E36-A88E-DAC1004F1944}
	EndProjectSection
EndProject
Project("{8BC9CEB8-8B4A-11D0-8D11-00A0C91BC942}") = "Resource", "Modules\Resource\Resource.vcxproj", "{BFD70EB7-B841-46D3-872F-E71BFBA95A58}"
	ProjectSection(ProjectDependencies) = postProject
		{B17B9116-AFA2-4D56-B791-C95F2F75214B} = {B17B9116-AFA2-4D56-B791-C95F2F75214B}
	EndProjectSection
EndProject
Project("{8BC9CEB8-8B4A-11D0-8D11-00A0C91BC942}") = "Core", "Modules\Core\Core.vcxproj", "{B17B9116-AFA2-4D56-B791-C95F2F75214B}"
EndProject
Project("{8BC9CEB8-8B4A-11D0-8D11-00A0C91BC942}") = "Math", "Modules\Math\Math.vcxproj", "{D2766A8D-1009-4616-A420-C8F14E45DBDF}"
	ProjectSection(ProjectDependencies) = postProject
		{B17B9116-AFA2-4D56-B791-C95F2F75214B} = {B17B9116-AFA2-4D56-B791-C95F2F75214B}
	EndProjectSection
EndProject
Project("{8BC9CEB8-8B4A-11D0-8D11-00A0C91BC942}") = "Engine", "Modules\Engine\Engine.vcxproj", "{C257E175-629A-42F3-A52A-CEC2D0DBBCF2}"
	ProjectSection(ProjectDependencies) = postProject
		{B17B9116-AFA2-4D56-B791-C95F2F75214B} = {B17B9116-AFA2-4D56-B791-C95F2F75214B}
		{D2766A8D-1009-4616-A420-C8F14E45DBDF} = {D2766A8D-1009-4616-A420-C8F14E45DBDF}
		{BFD70EB7-B841-46D3-872F-E71BFBA95A58} = {BFD70EB7-B841-46D3-872F-E71BFBA95A58}
		{D3DE9FCC-C429-4E36-A88E-DAC1004F1944} = {D3DE9FCC-C429-4E36-A88E-DAC1004F1944}
	EndProjectSection
EndProject
Global
	GlobalSection(SolutionConfigurationPlatforms) = preSolution
		Debug|Mixed Platforms = Debug|Mixed Platforms
		Debug|Win32 = Debug|Win32
		Debug|x64 = Debug|x64
		Release|Mixed Platforms = Release|Mixed Platforms
		Release|Win32 = Release|Win32
		Release|x64 = Release|x64
	EndGlobalSection
	GlobalSection(ProjectConfigurationPlatforms) = postSolution
		{4700682C-35A0-4338-9860-7330D1341505}.Debug|Mixed Platforms.ActiveCfg = Debug|Win32
		{4700682C-35A0-4338-9860-7330D1341505}.Debug|Mixed Platforms.Build.0 = Debug|Win32
		{4700682C-35A0-4338-9860-7330D1341505}.Debug|Win32.ActiveCfg = Debug|Win32
		{4700682C-35A0-4338-9860-7330D1341505}.Debug|Win32.Build.0 = Debug|Win32
		{4700682C-35A0-4338-9860-7330D1341505}.Debug|x64.ActiveCfg = Debug|x64
		{4700682C-35A0-4338-9860-7330D1341505}.Debug|x64.Build.0 = Debug|x64
		{4700682C-35A0-4338-9860-7330D1341505}.Release|Mixed Platforms.ActiveCfg = Release|Win32
		{4700682C-35A0-4338-9860-7330D1341505}.Release|Mixed Platforms.Build.0 = Release|Win32
		{4700682C-35A0-4338-9860-7330D1341505}.Release|Win32.ActiveCfg = Release|Win32
		{4700682C-35A0-4338-9860-7330D1341505}.Release|Win32.Build.0 = Release|Win32
		{4700682C-35A0-4338-9860-7330D1341505}.Release|x64.ActiveCfg = Release|x64
		{4700682C-35A0-4338-9860-7330D1341505}.Release|x64.Build.0 = Release|x64
		{D3DE9FCC-C429-4E36-A88E-DAC1004F1944}.Debug|Mixed Platforms.ActiveCfg = Debug|Win32
		{D3DE9FCC-C429-4E36-A88E-DAC1004F1944}.Debug|Mixed Platforms.Build.0 = Debug|Win32
		{D3DE9FCC-C429-4E36-A88E-DAC1004F1944}.Debug|Win32.ActiveCfg = Debug|Win32
		{D3DE9FCC-C429-4E36-A88E-DAC1004F1944}.Debug|Win32.Build.0 = Debug|Win32
		{D3DE9FCC-C429-4E36-A88E-DAC1004F1944}.Debug|x64.ActiveCfg = Debug|x64
		{D3DE9FCC-C429-4E36-A88E-DAC1004F1944}.Debug|x64.Build.0 = Debug|x64
		{D3DE9FCC-C429-4E36-A88E-DAC1004F1944}.Release|Mixed Platforms.ActiveCfg = Release|Win32
		{D3DE9FCC-C429-4E36-A88E-DAC1004F1944}.Release|Mixed Platforms.Build.0 = Release|Win32
		{D3DE9FCC-C429-4E36-A88E-DAC1004F1944}.Release|Win32.ActiveCfg = Release|Win32
		{D3DE9FCC-C429-4E36-A88E-DAC1004F1944}.Release|Win32.Build.0 = Release|Win32
		{D3DE9FCC-C429-4E36-A88E-DAC1004F1944}.Release|x64.ActiveCfg = Release|x64
		{D3DE9FCC-C429-4E36-A88E-DAC1004F1944}.Release|x64.Build.0 = Release|x64
		{006360EA-43D5-4C0F-87E2-86DB46E096E2}.Debug|Mixed Platforms.ActiveCfg = Debug|Win32
		{006360EA-43D5-4C0F-87E2-86DB46E096E2}.Debug|Mixed Platforms.Build.0 = Debug|Win32
		{006360EA-43D5-4C0F-87E2-86DB46E096E2}.Debug|Win32.ActiveCfg = Debug|Win32
		{006360EA-43D5-4C0F-87E2-86DB46E096E2}.Debug|Win32.Build.0 = Debug|Win32
		{006360EA-43D5-4C0F-87E2-86DB46E096E2}.Debug|x64.ActiveCfg = Debug|x64
		{006360EA-43D5-4C0F-87E2-86DB46E096E2}.Debug|x64.Build.0 = Debug|x64
		{006360EA-43D5-4C0F-87E2-86DB46E096E2}.Release|Mixed Platforms.ActiveCfg = Release|Win32
		{006360EA-43D5-4C0F-87E2-86DB46E096E2}.Release|Mixed Platforms.Build.0 = Release|Win32
		{006360EA-43D5-4C0F-87E2-86DB46E096E2}.Release|Win32.ActiveCfg = Release|Win32
		{006360EA-43D5-4C0F-87E2-86DB46E096E2}.Release|Win32.Build.0 = Release|Win32
		{006360EA-43D5-4C0F-87E2-86DB46E096E2}.Release|x64.ActiveCfg = Release|x64
		{006360EA-43D5-4C0F-87E2-86DB46E096E2}.Release|x64.Build.0 = Release|x64
		{CC0E3BAE-4927-47E9-835E-4A83BE0FEBE9}.Debug|Mixed Platforms.ActiveCfg = Debug|Win32
		{CC0E3BAE-4927-47E9-835E-4A83BE0FEBE9}.Debug|Mixed Platforms.Build.0 = Debug|Win32
		{CC0E3BAE-4927-47E9-835E-4A83BE0FEBE9}.Debug|Win32.ActiveCfg = Debug|Win32
		{CC0E3BAE-4927-47E9-835E-4A83BE0FEBE9}.Debug|Win32.Build.0 = Debug|Win32
		{CC0E3BAE-4927-47E9-835E-4A83BE0FEBE9}.Debug|x64.ActiveCfg = Debug|x64
		{CC0E3BAE-4927-47E9-835E-4A83BE0FEBE9}.Debug|x64.Build.0 = Debug|x64
		{CC0E3BAE-4927-47E9-835E-4A83BE0FEBE9}.Release|Mixed Platforms.ActiveCfg = Release|Win32
		{CC0E3BAE-4927-47E9-835E-4A83BE0FEBE9}.Release|Mixed Platforms.Build.0 = Release|Win32
		{CC0E3BAE-4927-47E9-835E-4A83BE0FEBE9}.Release|Win32.ActiveCfg = Release|Win32
		{CC0E3BAE-4927-47E9-835E-4A83BE0FEBE9}.Release|Win32.Build.0 = Release|Win32
		{CC0E3BAE-4927-47E9-835E-4A83BE0FEBE9}.Release|x64.ActiveCfg = Release|x64
		{CC0E3BAE-4927-47E9-835E-4A83BE0FEBE9}.Release|x64.Build.0 = Release|x64
		{BFD70EB7-B841-46D3-872F-E71BFBA95A58}.Debug|Mixed Platforms.ActiveCfg = Debug|Win32
		{BFD70EB7-B841-46D3-872F-E71BFBA95A58}.Debug|Mixed Platforms.Build.0 = Debug|Win32
		{BFD70EB7-B841-46D3-872F-E71BFBA95A58}.Debug|Win32.ActiveCfg = Debug|Win32
		{BFD70EB7-B841-46D3-872F-E71BFBA95A58}.Debug|Win32.Build.0 = Debug|Win32
		{BFD70EB7-B841-46D3-872F-E71BFBA95A58}.Debug|x64.ActiveCfg = Debug|x64
		{BFD70EB7-B841-46D3-872F-E71BFBA95A58}.Debug|x64.Build.0 = Debug|x64
		{BFD70EB7-B841-46D3-872F-E71BFBA95A58}.Release|Mixed Platforms.ActiveCfg = Release|Win32
		{BFD70EB7-B841-46D3-872F-E71BFBA95A58}.Release|Mixed Platforms.Build.0 = Release|Win32
		{BFD70EB7-B841-46D3-872F-E71BFBA95A58}.Release|Win32.ActiveCfg = Release|Win32
		{BFD70EB7-B841-46D3-872F-E71BFBA95A58}.Release|Win32.Build.0 = Release|Win32
		{BFD70EB7-B841-46D3-872F-E71BFBA95A58}.Release|x64.ActiveCfg = Release|x64
		{BFD70EB7-B841-46D3-872F-E71BFBA95A58}.Release|x64.Build.0 = Release|x64
		{B17B9116-AFA2-4D56-B791-C95F2F75214B}.Debug|Mixed Platforms.ActiveCfg = Debug|Win32
		{B17B9116-AFA2-4D56-B791-C95F2F75214B}.Debug|Mixed Platforms.Build.0 = Debug|Win32
		{B17B9116-AFA2-4D56-B791-C95F2F75214B}.Debug|Win32.ActiveCfg = Debug|Win32
		{B17B9116-AFA2-4D56-B791-C95F2F75214B}.Debug|Win32.Build.0 = Debug|Win32
		{B17B9116-AFA2-4D56-B791-C95F2F75214B}.Debug|x64.ActiveCfg = Debug|x64
		{B17B9116-AFA2-4D56-B791-C95F2F75214B}.Debug|x64.Build.0 = Debug|x64
		{B17B9116-AFA2-4D56-B791-C95F2F75214B}.Release|Mixed Platforms.ActiveCfg = Release|Win32
		{B17B9116-AFA2-4D56-B791-C95F2F75214B}.Release|Mixed Platforms.Build.0 = Release|Win32
		{B17B9116-AFA2-4D56-B791-C95F2F75214B}.Release|Win32.ActiveCfg = Release|Win32
		{B17B9116-AFA2-4D56-B791-C95F2F75214B}.Release|Win32.Build.0 = Release|Win32
		{B17B9116-AFA2-4D56-B791-C95F2F75214B}.Release|x64.ActiveCfg = Release|x64
		{B17B9116-AFA2-4D56-B791-C95F2F75214B}.Release|x64.Build.0 = Release|x64
		{D2766A8D-1009-4616-A420-C8F14E45DBDF}.Debug|Mixed Platforms.ActiveCfg = Debug|Win32
		{D2766A8D-1009-4616-A420-C8F14E45DBDF}.Debug|Mixed Platforms.Build.0 = Debug|Win32
		{D2766A8D-1009-4616-A420-C8F14E45DBDF}.Debug|Win32.ActiveCfg = Debug|Win32
		{D2766A8D-1009-4616-A420-C8F14E45DBDF}.Debug|Win32.Build.0 = Debug|Win32
		{D2766A8D-1009-4616-A420-C8F14E45DBDF}.Debug|x64.ActiveCfg = Debug|x64
		{D2766A8D-1009-4616-A420-C8F14E45DBDF}.Debug|x64.Build.0 = Debug|x64
		{D2766A8D-1009-4616-A420-C8F14E45DBDF}.Release|Mixed Platforms.ActiveCfg = Release|Win32
		{D2766A8D-1009-4616-A420-C8F14E45DBDF}.Release|Mixed Platforms.Build.0 = Release|Win32
		{D2766A8D-1009-4616-A420-C8F14E45DBDF}.Release|Win32.ActiveCfg = Release|Win32
		{D2766A8D-1009-4616-A420-C8F14E45DBDF}.Release|Win32.Build.0 = Release|Win32
		{D2766A8D-1009-4616-A420-C8F14E45DBDF}.Release|x64.ActiveCfg = Release|x64
		{D2766A8D-1009-4616-A420-C8F14E45DBDF}.Release|x64.Build.0 = Release|x64
		{C257E175-629A-42F3-A52A-CEC2D0DBBCF2}.Debug|Mixed Platforms.ActiveCfg = Debug|Win32
		{C257E175-629A-42F3-A52A-CEC2D0DBBCF2}.Debug|Mixed Platforms.Build.0 = Debug|Win32
		{C257E175-629A-42F3-A52A-CEC2D0DBBCF2}.Debug|Win32.ActiveCfg = Debug|Win32
		{C257E175-629A-42F3-A52A-CEC2D0DBBCF2}.Debug|Win32.Build.0 = Debug|Win32
		{C257E175-629A-42F3-A52A-CEC2D0DBBCF2}.Debug|x64.ActiveCfg = Debug|x64
		{C257E175-629A-42F3-A52A-CEC2D0DBBCF2}.Debug|x64.Build.0 = Debug|x64
		{C257E175-629A-42F3-A52A-CEC2D0DBBCF2}.Release|Mixed Platforms.ActiveCfg = Release|Win32
		{C257E175-629A-42F3-A52A-CEC2D0DBBCF2}.Release|Mixed Platforms.Build.0 = Release|Win32
		{C257E175-629A-42F3-A52A-CEC2D0DBBCF2}.Release|Win32.ActiveCfg = Release|Win32
		{C257E175-629A-42F3-A52A-CEC2D0DBBCF2}.Release|Win32.Build.0 = Release|Win32
		{C257E175-629A-42F3-A52A-CEC2D0DBBCF2}.Release|x64.ActiveCfg = Release|x64
		{C257E175-629A-42F3-A52A-CEC2D0DBBCF2}.Release|x64.Build.0 = Release|x64
	EndGlobalSection
	GlobalSection(SolutionProperties) = preSolution
		HideSolutionNode = FALSE
	EndGlobalSection
	GlobalSection(NestedProjects) = preSolution
		{4700682C-35A0-4338-9860-7330D1341505} = {F0D70545-7A18-4D06-A7F8-73C6CC8459D0}
		{D3DE9FCC-C429-4E36-A88E-DAC1004F1944} = {CABEFA9C-B78F-4081-B907-05D7832933B1}
		{006360EA-43D5-4C0F-87E2-86DB46E096E2} = {97E92D54-1004-4310-B2CE-B5E36A1CE6B9}
		{CC0E3BAE-4927-47E9-835E-4A83BE0FEBE9} = {5B19A31F-43DC-4423-8E08-BBD42C00B96D}
		{BFD70EB7-B841-46D3-872F-E71BFBA95A58} = {CABEFA9C-B78F-4081-B907-05D7832933B1}
		{B17B9116-AFA2-4D56-B791-C95F2F75214B} = {CABEFA9C-B78F-4081-B907-05D7832933B1}
		{D2766A8D-1009-4616-A420-C8F14E45DBDF} = {CABEFA9C-B78F-4081-B907-05D7832933B1}
		{C257E175-629A-42F3-A52A-CEC2D0DBBCF2} = {CABEFA9C-B78F-4081-B907-05D7832933B1}
	EndGlobalSection
EndGlobal
