
Microsoft Visual Studio Solution File, Format Version 12.00
# Visual Studio 14
VisualStudioVersion = 14.0.25123.0
MinimumVisualStudioVersion = 10.0.40219.1
Project("{2150E333-8FDC-42A3-9474-1A3956D46DE8}") = "Tools", "Tools", "{F0D70545-7A18-4D06-A7F8-73C6CC8459D0}"
EndProject
Project("{2150E333-8FDC-42A3-9474-1A3956D46DE8}") = "Modules", "Modules", "{CABEFA9C-B78F-4081-B907-05D7832933B1}"
EndProject
Project("{2150E333-8FDC-42A3-9474-1A3956D46DE8}") = "Runtimes", "Runtimes", "{97E92D54-1004-4310-B2CE-B5E36A1CE6B9}"
EndProject
Project("{8BC9CEB8-8B4A-11D0-8D11-00A0C91BC942}") = "Core", "Modules\Core\Core.vcxproj", "{B17B9116-AFA2-4D56-B791-C95F2F75214B}"
EndProject
Project("{8BC9CEB8-8B4A-11D0-8D11-00A0C91BC942}") = "Engine", "Modules\Engine\Engine.vcxproj", "{C257E175-629A-42F3-A52A-CEC2D0DBBCF2}"
	ProjectSection(ProjectDependencies) = postProject
		{B17B9116-AFA2-4D56-B791-C95F2F75214B} = {B17B9116-AFA2-4D56-B791-C95F2F75214B}
		{BFD70EB7-B841-46D3-872F-E71BFBA95A58} = {BFD70EB7-B841-46D3-872F-E71BFBA95A58}
	EndProjectSection
EndProject
Project("{8BC9CEB8-8B4A-11D0-8D11-00A0C91BC942}") = "Client", "Runtimes\Client\Client.vcxproj", "{006360EA-43D5-4C0F-87E2-86DB46E096E2}"
	ProjectSection(ProjectDependencies) = postProject
		{9DF93F16-3856-42F0-BF63-CB9162E1F467} = {9DF93F16-3856-42F0-BF63-CB9162E1F467}
		{B17B9116-AFA2-4D56-B791-C95F2F75214B} = {B17B9116-AFA2-4D56-B791-C95F2F75214B}
		{C257E175-629A-42F3-A52A-CEC2D0DBBCF2} = {C257E175-629A-42F3-A52A-CEC2D0DBBCF2}
		{BFD70EB7-B841-46D3-872F-E71BFBA95A58} = {BFD70EB7-B841-46D3-872F-E71BFBA95A58}
		{D3DE9FCC-C429-4E36-A88E-DAC1004F1944} = {D3DE9FCC-C429-4E36-A88E-DAC1004F1944}
	EndProjectSection
EndProject
Project("{2150E333-8FDC-42A3-9474-1A3956D46DE8}") = "Tests", "Tests", "{A13A71F6-E4D7-4BD8-B629-36688C4803EB}"
EndProject
Project("{8BC9CEB8-8B4A-11D0-8D11-00A0C91BC942}") = "CoreTest", "Tests\CoreTest\CoreTest.vcxproj", "{D53DC754-A333-4BBE-9539-95C9AF877555}"
	ProjectSection(ProjectDependencies) = postProject
		{B17B9116-AFA2-4D56-B791-C95F2F75214B} = {B17B9116-AFA2-4D56-B791-C95F2F75214B}
	EndProjectSection
EndProject
Project("{8BC9CEB8-8B4A-11D0-8D11-00A0C91BC942}") = "Resource", "Modules\Resource\Resource.vcxproj", "{BFD70EB7-B841-46D3-872F-E71BFBA95A58}"
	ProjectSection(ProjectDependencies) = postProject
		{B17B9116-AFA2-4D56-B791-C95F2F75214B} = {B17B9116-AFA2-4D56-B791-C95F2F75214B}
	EndProjectSection
EndProject
Project("{2150E333-8FDC-42A3-9474-1A3956D46DE8}") = "Systems", "Systems", "{3425A4B5-1448-415B-8F04-0FE254FD5135}"
EndProject
Project("{8BC9CEB8-8B4A-11D0-8D11-00A0C91BC942}") = "AssetConverter", "Tools\AssetConverter\AssetConverter.vcxproj", "{4700682C-35A0-4338-9860-7330D1341505}"
	ProjectSection(ProjectDependencies) = postProject
		{B17B9116-AFA2-4D56-B791-C95F2F75214B} = {B17B9116-AFA2-4D56-B791-C95F2F75214B}
		{C257E175-629A-42F3-A52A-CEC2D0DBBCF2} = {C257E175-629A-42F3-A52A-CEC2D0DBBCF2}
		{BFD70EB7-B841-46D3-872F-E71BFBA95A58} = {BFD70EB7-B841-46D3-872F-E71BFBA95A58}
	EndProjectSection
EndProject
Project("{8BC9CEB8-8B4A-11D0-8D11-00A0C91BC942}") = "GLRender", "Systems\GLRender\GLRender.vcxproj", "{D3DE9FCC-C429-4E36-A88E-DAC1004F1944}"
	ProjectSection(ProjectDependencies) = postProject
		{B17B9116-AFA2-4D56-B791-C95F2F75214B} = {B17B9116-AFA2-4D56-B791-C95F2F75214B}
		{C257E175-629A-42F3-A52A-CEC2D0DBBCF2} = {C257E175-629A-42F3-A52A-CEC2D0DBBCF2}
		{BFD70EB7-B841-46D3-872F-E71BFBA95A58} = {BFD70EB7-B841-46D3-872F-E71BFBA95A58}
	EndProjectSection
EndProject
Project("{8BC9CEB8-8B4A-11D0-8D11-00A0C91BC942}") = "BulletPhysics", "Systems\BulletPhysics\BulletPhysics.vcxproj", "{9DF93F16-3856-42F0-BF63-CB9162E1F467}"
	ProjectSection(ProjectDependencies) = postProject
		{B17B9116-AFA2-4D56-B791-C95F2F75214B} = {B17B9116-AFA2-4D56-B791-C95F2F75214B}
		{C257E175-629A-42F3-A52A-CEC2D0DBBCF2} = {C257E175-629A-42F3-A52A-CEC2D0DBBCF2}
		{BFD70EB7-B841-46D3-872F-E71BFBA95A58} = {BFD70EB7-B841-46D3-872F-E71BFBA95A58}
	EndProjectSection
EndProject
Global
	GlobalSection(SolutionConfigurationPlatforms) = preSolution
		Debug|Win32 = Debug|Win32
		Debug|x64 = Debug|x64
		Release|Win32 = Release|Win32
		Release|x64 = Release|x64
	EndGlobalSection
	GlobalSection(ProjectConfigurationPlatforms) = postSolution
		{B17B9116-AFA2-4D56-B791-C95F2F75214B}.Debug|Win32.ActiveCfg = Debug|Win32
		{B17B9116-AFA2-4D56-B791-C95F2F75214B}.Debug|Win32.Build.0 = Debug|Win32
		{B17B9116-AFA2-4D56-B791-C95F2F75214B}.Debug|x64.ActiveCfg = Debug|x64
		{B17B9116-AFA2-4D56-B791-C95F2F75214B}.Debug|x64.Build.0 = Debug|x64
		{B17B9116-AFA2-4D56-B791-C95F2F75214B}.Release|Win32.ActiveCfg = Release|Win32
		{B17B9116-AFA2-4D56-B791-C95F2F75214B}.Release|Win32.Build.0 = Release|Win32
		{B17B9116-AFA2-4D56-B791-C95F2F75214B}.Release|x64.ActiveCfg = Release|x64
		{B17B9116-AFA2-4D56-B791-C95F2F75214B}.Release|x64.Build.0 = Release|x64
		{C257E175-629A-42F3-A52A-CEC2D0DBBCF2}.Debug|Win32.ActiveCfg = Debug|Win32
		{C257E175-629A-42F3-A52A-CEC2D0DBBCF2}.Debug|Win32.Build.0 = Debug|Win32
		{C257E175-629A-42F3-A52A-CEC2D0DBBCF2}.Debug|x64.ActiveCfg = Debug|x64
		{C257E175-629A-42F3-A52A-CEC2D0DBBCF2}.Debug|x64.Build.0 = Debug|x64
		{C257E175-629A-42F3-A52A-CEC2D0DBBCF2}.Release|Win32.ActiveCfg = Release|Win32
		{C257E175-629A-42F3-A52A-CEC2D0DBBCF2}.Release|Win32.Build.0 = Release|Win32
		{C257E175-629A-42F3-A52A-CEC2D0DBBCF2}.Release|x64.ActiveCfg = Release|x64
		{C257E175-629A-42F3-A52A-CEC2D0DBBCF2}.Release|x64.Build.0 = Release|x64
		{006360EA-43D5-4C0F-87E2-86DB46E096E2}.Debug|Win32.ActiveCfg = Debug|Win32
		{006360EA-43D5-4C0F-87E2-86DB46E096E2}.Debug|Win32.Build.0 = Debug|Win32
		{006360EA-43D5-4C0F-87E2-86DB46E096E2}.Debug|x64.ActiveCfg = Debug|x64
		{006360EA-43D5-4C0F-87E2-86DB46E096E2}.Debug|x64.Build.0 = Debug|x64
		{006360EA-43D5-4C0F-87E2-86DB46E096E2}.Release|Win32.ActiveCfg = Release|Win32
		{006360EA-43D5-4C0F-87E2-86DB46E096E2}.Release|Win32.Build.0 = Release|Win32
		{006360EA-43D5-4C0F-87E2-86DB46E096E2}.Release|x64.ActiveCfg = Release|x64
		{006360EA-43D5-4C0F-87E2-86DB46E096E2}.Release|x64.Build.0 = Release|x64
		{D53DC754-A333-4BBE-9539-95C9AF877555}.Debug|Win32.ActiveCfg = Debug|Win32
		{D53DC754-A333-4BBE-9539-95C9AF877555}.Debug|Win32.Build.0 = Debug|Win32
		{D53DC754-A333-4BBE-9539-95C9AF877555}.Debug|x64.ActiveCfg = Debug|x64
		{D53DC754-A333-4BBE-9539-95C9AF877555}.Debug|x64.Build.0 = Debug|x64
		{D53DC754-A333-4BBE-9539-95C9AF877555}.Release|Win32.ActiveCfg = Release|Win32
		{D53DC754-A333-4BBE-9539-95C9AF877555}.Release|Win32.Build.0 = Release|Win32
		{D53DC754-A333-4BBE-9539-95C9AF877555}.Release|x64.ActiveCfg = Release|x64
		{D53DC754-A333-4BBE-9539-95C9AF877555}.Release|x64.Build.0 = Release|x64
		{BFD70EB7-B841-46D3-872F-E71BFBA95A58}.Debug|Win32.ActiveCfg = Debug|Win32
		{BFD70EB7-B841-46D3-872F-E71BFBA95A58}.Debug|Win32.Build.0 = Debug|Win32
		{BFD70EB7-B841-46D3-872F-E71BFBA95A58}.Debug|x64.ActiveCfg = Debug|x64
		{BFD70EB7-B841-46D3-872F-E71BFBA95A58}.Debug|x64.Build.0 = Debug|x64
		{BFD70EB7-B841-46D3-872F-E71BFBA95A58}.Release|Win32.ActiveCfg = Release|Win32
		{BFD70EB7-B841-46D3-872F-E71BFBA95A58}.Release|Win32.Build.0 = Release|Win32
		{BFD70EB7-B841-46D3-872F-E71BFBA95A58}.Release|x64.ActiveCfg = Release|x64
		{BFD70EB7-B841-46D3-872F-E71BFBA95A58}.Release|x64.Build.0 = Release|x64
		{4700682C-35A0-4338-9860-7330D1341505}.Debug|Win32.ActiveCfg = Debug|Win32
		{4700682C-35A0-4338-9860-7330D1341505}.Debug|Win32.Build.0 = Debug|Win32
		{4700682C-35A0-4338-9860-7330D1341505}.Debug|x64.ActiveCfg = Debug|x64
		{4700682C-35A0-4338-9860-7330D1341505}.Debug|x64.Build.0 = Debug|x64
		{4700682C-35A0-4338-9860-7330D1341505}.Release|Win32.ActiveCfg = Release|Win32
		{4700682C-35A0-4338-9860-7330D1341505}.Release|Win32.Build.0 = Release|Win32
		{4700682C-35A0-4338-9860-7330D1341505}.Release|x64.ActiveCfg = Release|x64
		{4700682C-35A0-4338-9860-7330D1341505}.Release|x64.Build.0 = Release|x64
		{D3DE9FCC-C429-4E36-A88E-DAC1004F1944}.Debug|Win32.ActiveCfg = Debug|Win32
		{D3DE9FCC-C429-4E36-A88E-DAC1004F1944}.Debug|Win32.Build.0 = Debug|Win32
		{D3DE9FCC-C429-4E36-A88E-DAC1004F1944}.Debug|x64.ActiveCfg = Debug|x64
		{D3DE9FCC-C429-4E36-A88E-DAC1004F1944}.Debug|x64.Build.0 = Debug|x64
		{D3DE9FCC-C429-4E36-A88E-DAC1004F1944}.Release|Win32.ActiveCfg = Release|Win32
		{D3DE9FCC-C429-4E36-A88E-DAC1004F1944}.Release|Win32.Build.0 = Release|Win32
		{D3DE9FCC-C429-4E36-A88E-DAC1004F1944}.Release|x64.ActiveCfg = Release|x64
		{D3DE9FCC-C429-4E36-A88E-DAC1004F1944}.Release|x64.Build.0 = Release|x64
		{9DF93F16-3856-42F0-BF63-CB9162E1F467}.Debug|Win32.ActiveCfg = Debug|Win32
		{9DF93F16-3856-42F0-BF63-CB9162E1F467}.Debug|Win32.Build.0 = Debug|Win32
		{9DF93F16-3856-42F0-BF63-CB9162E1F467}.Debug|x64.ActiveCfg = Debug|x64
		{9DF93F16-3856-42F0-BF63-CB9162E1F467}.Debug|x64.Build.0 = Debug|x64
		{9DF93F16-3856-42F0-BF63-CB9162E1F467}.Release|Win32.ActiveCfg = Release|Win32
		{9DF93F16-3856-42F0-BF63-CB9162E1F467}.Release|Win32.Build.0 = Release|Win32
		{9DF93F16-3856-42F0-BF63-CB9162E1F467}.Release|x64.ActiveCfg = Release|x64
		{9DF93F16-3856-42F0-BF63-CB9162E1F467}.Release|x64.Build.0 = Release|x64
	EndGlobalSection
	GlobalSection(SolutionProperties) = preSolution
		HideSolutionNode = FALSE
	EndGlobalSection
	GlobalSection(NestedProjects) = preSolution
		{B17B9116-AFA2-4D56-B791-C95F2F75214B} = {CABEFA9C-B78F-4081-B907-05D7832933B1}
		{C257E175-629A-42F3-A52A-CEC2D0DBBCF2} = {CABEFA9C-B78F-4081-B907-05D7832933B1}
		{006360EA-43D5-4C0F-87E2-86DB46E096E2} = {97E92D54-1004-4310-B2CE-B5E36A1CE6B9}
		{D53DC754-A333-4BBE-9539-95C9AF877555} = {A13A71F6-E4D7-4BD8-B629-36688C4803EB}
		{BFD70EB7-B841-46D3-872F-E71BFBA95A58} = {CABEFA9C-B78F-4081-B907-05D7832933B1}
		{4700682C-35A0-4338-9860-7330D1341505} = {F0D70545-7A18-4D06-A7F8-73C6CC8459D0}
		{D3DE9FCC-C429-4E36-A88E-DAC1004F1944} = {3425A4B5-1448-415B-8F04-0FE254FD5135}
		{9DF93F16-3856-42F0-BF63-CB9162E1F467} = {3425A4B5-1448-415B-8F04-0FE254FD5135}
	EndGlobalSection
EndGlobal
