<?xml version="1.0" encoding="utf-8"?>
<Project ToolsVersion="4.0" xmlns="http://schemas.microsoft.com/developer/msbuild/2003">
  <ItemGroup>
    <Filter Include="Source Files">
      <UniqueIdentifier>{4FC737F1-C7A5-4376-A066-2A32D752A2FF}</UniqueIdentifier>
      <Extensions>cpp;c;cc;cxx;def;odl;idl;hpj;bat;asm;asmx</Extensions>
    </Filter>
    <Filter Include="Source Files\Render">
      <UniqueIdentifier>{50c373f7-582b-4161-8259-72d34ac4f4f1}</UniqueIdentifier>
    </Filter>
    <Filter Include="Source Files\Math">
      <UniqueIdentifier>{9479bcc3-70ef-4c0e-b008-7e3ad5e42f38}</UniqueIdentifier>
    </Filter>
    <Filter Include="Source Files\Engine">
      <UniqueIdentifier>{66ee0a59-3b18-47dc-86a5-f0e73d4b2591}</UniqueIdentifier>
    </Filter>
    <Filter Include="Source Files\Utility">
      <UniqueIdentifier>{d0338c78-3a71-4260-b00b-f70e7d6f29ef}</UniqueIdentifier>
    </Filter>
    <Filter Include="Source Files\Render\Header">
      <UniqueIdentifier>{041897c3-bdef-4b76-ba63-6d8d6158645d}</UniqueIdentifier>
    </Filter>
    <Filter Include="Source Files\Engine\Header">
      <UniqueIdentifier>{0f08a7aa-0ad7-45f5-8d77-1bcb8ba6d79a}</UniqueIdentifier>
    </Filter>
    <Filter Include="Source Files\Engine\Source">
      <UniqueIdentifier>{92b7a588-6f74-47bd-8bfb-e20f9d1fdbd2}</UniqueIdentifier>
    </Filter>
    <Filter Include="Source Files\Render\Source">
      <UniqueIdentifier>{b509a77e-6596-48c6-ba9a-fdc623a5b140}</UniqueIdentifier>
    </Filter>
    <Filter Include="Include">
      <UniqueIdentifier>{70a96a91-66f9-40e8-81e6-67edcbd4cbfe}</UniqueIdentifier>
    </Filter>
  </ItemGroup>
  <ItemGroup>
    <ClCompile Include="source\Utils.cpp">
      <Filter>Source Files\Utility</Filter>
    </ClCompile>
    <ClCompile Include="source\Camera.cpp">
      <Filter>Source Files\Engine\Source</Filter>
    </ClCompile>
    <ClCompile Include="source\GameObject.cpp">
      <Filter>Source Files\Engine\Source</Filter>
    </ClCompile>
    <ClCompile Include="source\Material.cpp">
      <Filter>Source Files\Render\Source</Filter>
    </ClCompile>
    <ClCompile Include="source\Shader.cpp">
      <Filter>Source Files\Render\Source</Filter>
    </ClCompile>
    <ClCompile Include="source\Texture.cpp">
      <Filter>Source Files\Render\Source</Filter>
    </ClCompile>
    <ClCompile Include="source\StaticMesh.cpp">
      <Filter>Source Files\Render\Source</Filter>
    </ClCompile>
  </ItemGroup>
  <ItemGroup>
    <ClInclude Include="source\Mat4.h">
      <Filter>Source Files\Math</Filter>
    </ClInclude>
    <ClInclude Include="source\Quat.h">
      <Filter>Source Files\Math</Filter>
    </ClInclude>
    <ClInclude Include="source\Vec2.h">
      <Filter>Source Files\Math</Filter>
    </ClInclude>
    <ClInclude Include="source\Vec3.h">
      <Filter>Source Files\Math</Filter>
    </ClInclude>
    <ClInclude Include="source\Camera.h">
      <Filter>Source Files\Engine\Header</Filter>
    </ClInclude>
    <ClInclude Include="source\Scene.h">
      <Filter>Source Files\Engine\Header</Filter>
    </ClInclude>
    <ClInclude Include="source\GameObject.h">
      <Filter>Source Files\Engine\Header</Filter>
    </ClInclude>
    <ClInclude Include="source\Utils.h">
      <Filter>Source Files\Utility</Filter>
    </ClInclude>
    <ClInclude Include="source\Transform.h">
      <Filter>Source Files\Engine\Header</Filter>
    </ClInclude>
    <ClInclude Include="source\Material.h">
      <Filter>Source Files\Render\Header</Filter>
    </ClInclude>
    <ClInclude Include="source\Shader.h">
      <Filter>Source Files\Render\Header</Filter>
    </ClInclude>
    <ClInclude Include="source\Texture.h">
      <Filter>Source Files\Render\Header</Filter>
    </ClInclude>
    <ClInclude Include="source\Vertex.h">
      <Filter>Source Files\Render\Header</Filter>
    </ClInclude>
    <ClInclude Include="include\Engine.h">
      <Filter>Include</Filter>
    </ClInclude>
    <ClInclude Include="source\Game.h">
      <Filter>Source Files\Engine\Header</Filter>
    </ClInclude>
    <ClInclude Include="source\StaticMesh.h">
      <Filter>Source Files\Render\Header</Filter>
    </ClInclude>
  </ItemGroup>
</Project>