<?xml version="1.0" encoding="utf-8"?>
<Project ToolsVersion="4.0" xmlns="http://schemas.microsoft.com/developer/msbuild/2003">
  <ItemGroup>
    <ClCompile Include="Source\init.cpp">
      <Filter>Source Files</Filter>
    </ClCompile>
  </ItemGroup>
  <ItemGroup>
    <ClInclude Include="Source\headers.h">
      <Filter>Header Files</Filter>
    </ClInclude>
    <ClInclude Include="resource.h">
      <Filter>Resource Files</Filter>
    </ClInclude>
  </ItemGroup>
  <ItemGroup>
    <Filter Include="Source Files">
      <UniqueIdentifier>{c975195a-c1d8-4483-9156-2d3ef6d99629}</UniqueIdentifier>
    </Filter>
    <Filter Include="Header Files">
      <UniqueIdentifier>{452314c9-4ff0-4a65-a95c-020556a5fa4e}</UniqueIdentifier>
    </Filter>
    <Filter Include="Resource Files">
      <UniqueIdentifier>{54aef3ad-4ef4-4dbb-af39-6d9fb9fba686}</UniqueIdentifier>
    </Filter>
    <Filter Include="Resource Files\Shaders">
      <UniqueIdentifier>{a646e0a2-cf64-4f17-9345-d6b9885dbb42}</UniqueIdentifier>
    </Filter>
    <Filter Include="Resource Files\Scripts">
      <UniqueIdentifier>{6ff2505d-65ae-4229-bcfd-eb260ae57cf0}</UniqueIdentifier>
    </Filter>
    <Filter Include="Resource Files\images">
      <UniqueIdentifier>{da4aac92-3488-41bf-8c91-c9a9d09d8ab8}</UniqueIdentifier>
    </Filter>
  </ItemGroup>
  <ItemGroup>
    <None Include="..\Dependancies\Shaders\frag.glsl">
      <Filter>Resource Files\Shaders</Filter>
    </None>
    <None Include="..\Dependancies\Shaders\vert.glsl">
      <Filter>Resource Files\Shaders</Filter>
    </None>
    <None Include="..\Dependancies\Scripts\Main.as">
      <Filter>Resource Files\Scripts</Filter>
    </None>
  </ItemGroup>
  <ItemGroup>
    <Image Include="..\Dependancies\logo\logo.ico">
      <Filter>Resource Files\images</Filter>
    </Image>
  </ItemGroup>
  <ItemGroup>
    <ResourceCompile Include="WillowEngine.rc">
      <Filter>Resource Files</Filter>
    </ResourceCompile>
  </ItemGroup>
</Project>