<?xml version="1.0" encoding="utf-8"?>
<Project ToolsVersion="4.0" xmlns="http://schemas.microsoft.com/developer/msbuild/2003">
  <ItemGroup>
    <Filter Include="include">
      <UniqueIdentifier>{fc38c426-d3ed-452d-b514-1a1fe260a68f}</UniqueIdentifier>
    </Filter>
    <Filter Include="source">
      <UniqueIdentifier>{0b4d5592-dbba-46e3-ab3f-5973e14ee76f}</UniqueIdentifier>
    </Filter>
    <Filter Include="include\Resources">
      <UniqueIdentifier>{24692411-f059-456c-8174-d6fbacd45dfb}</UniqueIdentifier>
    </Filter>
    <Filter Include="source\Resources">
      <UniqueIdentifier>{b1f41f00-9ea9-459d-b1f2-356388bf4015}</UniqueIdentifier>
    </Filter>
    <Filter Include="include\Forwards">
      <UniqueIdentifier>{beece0ca-0d4d-4516-898e-c3a890a57717}</UniqueIdentifier>
    </Filter>
    <Filter Include="include\Archives">
      <UniqueIdentifier>{5b0fc700-f37a-4c89-9e4d-604a33726220}</UniqueIdentifier>
    </Filter>
    <Filter Include="source\Archives">
      <UniqueIdentifier>{f10b6e39-f5fb-4fa4-9c91-c746103d6669}</UniqueIdentifier>
    </Filter>
  </ItemGroup>
  <ItemGroup>
    <ClInclude Include="include\Resource\config.h">
      <Filter>include</Filter>
    </ClInclude>
    <ClInclude Include="include\Resource\Resources\Image.h">
      <Filter>include\Resources</Filter>
    </ClInclude>
    <ClInclude Include="include\Resource\Forwards\Resource.h">
      <Filter>include\Forwards</Filter>
    </ClInclude>
    <ClInclude Include="include\Resource\Path.h">
      <Filter>include</Filter>
    </ClInclude>
    <ClInclude Include="include\Resource\Archives\XMLArchive.h">
      <Filter>include\Archives</Filter>
    </ClInclude>
    <ClInclude Include="include\Resource\Archive.h">
      <Filter>include</Filter>
    </ClInclude>
    <ClInclude Include="include\Resource\ResourceManager.h">
      <Filter>include</Filter>
    </ClInclude>
    <ClInclude Include="include\Resource\ResourceHandle.h">
      <Filter>include</Filter>
    </ClInclude>
    <ClInclude Include="include\Resource\Resources\TextData.h">
      <Filter>include\Resources</Filter>
    </ClInclude>
    <ClInclude Include="include\Resource\Resources\BinaryData.h">
      <Filter>include\Resources</Filter>
    </ClInclude>
  </ItemGroup>
  <ItemGroup>
    <ClCompile Include="source\Resources\Image.cpp">
      <Filter>source\Resources</Filter>
    </ClCompile>
    <ClCompile Include="source\Path.cpp">
      <Filter>source</Filter>
    </ClCompile>
    <ClCompile Include="source\Archives\XMLArchive.cpp">
      <Filter>source\Archives</Filter>
    </ClCompile>
    <ClCompile Include="source\Archive.cpp">
      <Filter>source</Filter>
    </ClCompile>
    <ClCompile Include="source\Resources\TextData.cpp">
      <Filter>source\Resources</Filter>
    </ClCompile>
    <ClCompile Include="source\Resources\BinaryData.cpp">
      <Filter>source\Resources</Filter>
    </ClCompile>
    <ClCompile Include="source\ResourceManager.cpp">
      <Filter>source</Filter>
    </ClCompile>
  </ItemGroup>
</Project>