<?xml version="1.0" encoding="utf-8"?>
<Project ToolsVersion="4.0" xmlns="http://schemas.microsoft.com/developer/msbuild/2003">
  <ItemGroup>
    <Filter Include="include">
      <UniqueIdentifier>{b7e752fb-8bf6-4e3f-bb96-a14bda0725c3}</UniqueIdentifier>
    </Filter>
    <Filter Include="source">
      <UniqueIdentifier>{2faf8116-6f04-457e-91a4-115e4afdeb4c}</UniqueIdentifier>
    </Filter>
    <Filter Include="source\Math">
      <UniqueIdentifier>{2fe09ca8-792a-48eb-9cdf-ebb2ceb3866d}</UniqueIdentifier>
    </Filter>
    <Filter Include="include\Math">
      <UniqueIdentifier>{5cbad73f-f731-4a9c-b73f-89c28a6dbead}</UniqueIdentifier>
    </Filter>
  </ItemGroup>
  <ItemGroup>
    <ClCompile Include="source\Math\Mat4.cpp">
      <Filter>source\Math</Filter>
    </ClCompile>
    <ClCompile Include="source\Math\Quat.cpp">
      <Filter>source\Math</Filter>
    </ClCompile>
    <ClCompile Include="source\Math\Vec2.cpp">
      <Filter>source\Math</Filter>
    </ClCompile>
    <ClCompile Include="source\Math\Vec3.cpp">
      <Filter>source\Math</Filter>
    </ClCompile>
    <ClCompile Include="source\Math\Transform.cpp">
      <Filter>source\Math</Filter>
    </ClCompile>
    <ClCompile Include="source\String.cpp">
      <Filter>source</Filter>
    </ClCompile>
  </ItemGroup>
  <ItemGroup>
    <ClInclude Include="include\Utility\Math\Mat4.h">
      <Filter>include\Math</Filter>
    </ClInclude>
    <ClInclude Include="include\Utility\Math\Quat.h">
      <Filter>include\Math</Filter>
    </ClInclude>
    <ClInclude Include="include\Utility\Math\Transform.h">
      <Filter>include\Math</Filter>
    </ClInclude>
    <ClInclude Include="include\Utility\Math\Vec2.h">
      <Filter>include\Math</Filter>
    </ClInclude>
    <ClInclude Include="include\Utility\Math\Vec3.h">
      <Filter>include\Math</Filter>
    </ClInclude>
    <ClInclude Include="include\Utility\config.h">
      <Filter>include</Filter>
    </ClInclude>
    <ClInclude Include="include\Utility\String.h">
      <Filter>include</Filter>
    </ClInclude>
    <ClInclude Include="include\Utility\IEnumerable.h">
      <Filter>include</Filter>
    </ClInclude>
    <ClInclude Include="include\Utility\Array.h">
      <Filter>include</Filter>
    </ClInclude>
  </ItemGroup>
</Project>