<?xml version="1.0" encoding="utf-8"?>
<Project ToolsVersion="4.0" xmlns="http://schemas.microsoft.com/developer/msbuild/2003">
  <ItemGroup>
    <Filter Include="include">
      <UniqueIdentifier>{b7e752fb-8bf6-4e3f-bb96-a14bda0725c3}</UniqueIdentifier>
    </Filter>
    <Filter Include="source">
      <UniqueIdentifier>{2faf8116-6f04-457e-91a4-115e4afdeb4c}</UniqueIdentifier>
    </Filter>
    <Filter Include="source\Math">
      <UniqueIdentifier>{2fe09ca8-792a-48eb-9cdf-ebb2ceb3866d}</UniqueIdentifier>
    </Filter>
    <Filter Include="include\Math">
      <UniqueIdentifier>{5cbad73f-f731-4a9c-b73f-89c28a6dbead}</UniqueIdentifier>
    </Filter>
    <Filter Include="source\Reflection">
      <UniqueIdentifier>{05942a23-9504-4513-b064-8eb587ac37b0}</UniqueIdentifier>
    </Filter>
    <Filter Include="include\Reflection">
      <UniqueIdentifier>{3cf0861f-ffe7-4532-b493-5b48e935f849}</UniqueIdentifier>
    </Filter>
  </ItemGroup>
  <ItemGroup>
    <ClCompile Include="source\Math\Mat4.cpp">
      <Filter>source\Math</Filter>
    </ClCompile>
    <ClCompile Include="source\Math\Quat.cpp">
      <Filter>source\Math</Filter>
    </ClCompile>
    <ClCompile Include="source\Math\Vec2.cpp">
      <Filter>source\Math</Filter>
    </ClCompile>
    <ClCompile Include="source\Math\Vec3.cpp">
      <Filter>source\Math</Filter>
    </ClCompile>
    <ClCompile Include="source\String.cpp">
      <Filter>source</Filter>
    </ClCompile>
    <ClCompile Include="source\Console.cpp">
      <Filter>source</Filter>
    </ClCompile>
    <ClCompile Include="source\TextFileReader.cpp">
      <Filter>source</Filter>
    </ClCompile>
    <ClCompile Include="source\Switch.cpp">
      <Filter>source</Filter>
    </ClCompile>
    <ClCompile Include="source\Reflection\object.cpp">
      <Filter>source\Reflection</Filter>
    </ClCompile>
    <ClCompile Include="source\Reflection\Type.cpp">
      <Filter>source\Reflection</Filter>
    </ClCompile>
    <ClCompile Include="source\Reflection\ClassType.cpp">
      <Filter>source\Reflection</Filter>
    </ClCompile>
    <ClCompile Include="source\Reflection\PrimitiveType.cpp">
      <Filter>source\Reflection</Filter>
    </ClCompile>
    <ClCompile Include="source\Reflection\PointerType.cpp">
      <Filter>source\Reflection</Filter>
    </ClCompile>
    <ClCompile Include="source\Reflection\TemplateType.cpp">
      <Filter>source\Reflection</Filter>
    </ClCompile>
    <ClCompile Include="source\Reflection\NonReflectedType.cpp">
      <Filter>source\Reflection</Filter>
    </ClCompile>
    <ClCompile Include="source\Reflection\InterfaceType.cpp">
      <Filter>source\Reflection</Filter>
    </ClCompile>
    <ClCompile Include="source\Reflection\Serialization.cpp">
      <Filter>source\Reflection</Filter>
    </ClCompile>
    <ClCompile Include="source\Resource.cpp">
      <Filter>source</Filter>
    </ClCompile>
  </ItemGroup>
  <ItemGroup>
    <ClInclude Include="include\Utility\Math\Mat4.h">
      <Filter>include\Math</Filter>
    </ClInclude>
    <ClInclude Include="include\Utility\Math\Quat.h">
      <Filter>include\Math</Filter>
    </ClInclude>
    <ClInclude Include="include\Utility\Math\Vec2.h">
      <Filter>include\Math</Filter>
    </ClInclude>
    <ClInclude Include="include\Utility\Math\Vec3.h">
      <Filter>include\Math</Filter>
    </ClInclude>
    <ClInclude Include="include\Utility\config.h">
      <Filter>include</Filter>
    </ClInclude>
    <ClInclude Include="include\Utility\String.h">
      <Filter>include</Filter>
    </ClInclude>
    <ClInclude Include="include\Utility\Array.h">
      <Filter>include</Filter>
    </ClInclude>
    <ClInclude Include="include\Utility\Table.h">
      <Filter>include</Filter>
    </ClInclude>
    <ClInclude Include="include\Utility\List.h">
      <Filter>include</Filter>
    </ClInclude>
    <ClInclude Include="include\Utility\Pair.h">
      <Filter>include</Filter>
    </ClInclude>
    <ClInclude Include="include\Utility\Math\Math.h">
      <Filter>include\Math</Filter>
    </ClInclude>
    <ClInclude Include="include\Utility\ProgramOptions.h">
      <Filter>include</Filter>
    </ClInclude>
    <ClInclude Include="include\Utility\Queue.h">
      <Filter>include</Filter>
    </ClInclude>
    <ClInclude Include="include\Utility\Console.h">
      <Filter>include</Filter>
    </ClInclude>
    <ClInclude Include="include\Utility\Stack.h">
      <Filter>include</Filter>
    </ClInclude>
    <ClInclude Include="include\Utility\Switch.h">
      <Filter>include</Filter>
    </ClInclude>
    <ClInclude Include="include\Utility\TextFileReader.h">
      <Filter>include</Filter>
    </ClInclude>
    <ClInclude Include="include\Utility\Reflection\object.h">
      <Filter>include\Reflection</Filter>
    </ClInclude>
    <ClInclude Include="include\Utility\Reflection\Interface.h">
      <Filter>include\Reflection</Filter>
    </ClInclude>
    <ClInclude Include="include\Utility\Reflection\Field.h">
      <Filter>include\Reflection</Filter>
    </ClInclude>
    <ClInclude Include="include\Utility\Reflection\Type.h">
      <Filter>include\Reflection</Filter>
    </ClInclude>
    <ClInclude Include="include\Utility\Reflection\ClassType.h">
      <Filter>include\Reflection</Filter>
    </ClInclude>
    <ClInclude Include="include\Utility\Reflection\PrimitiveType.h">
      <Filter>include\Reflection</Filter>
    </ClInclude>
    <ClInclude Include="include\Utility\Reflection\PointerType.h">
      <Filter>include\Reflection</Filter>
    </ClInclude>
    <ClInclude Include="include\Utility\Reflection\TemplateType.h">
      <Filter>include\Reflection</Filter>
    </ClInclude>
    <ClInclude Include="include\Utility\Reflection\NonReflectedType.h">
      <Filter>include\Reflection</Filter>
    </ClInclude>
    <ClInclude Include="include\Utility\Reflection\Reflection.h">
      <Filter>include\Reflection</Filter>
    </ClInclude>
    <ClInclude Include="include\Utility\Reflection\InterfaceType.h">
      <Filter>include\Reflection</Filter>
    </ClInclude>
    <ClInclude Include="include\Utility\Reflection\Serialization.h">
      <Filter>include\Reflection</Filter>
    </ClInclude>
    <ClInclude Include="include\Utility\Reflection\Property.h">
      <Filter>include\Reflection</Filter>
    </ClInclude>
    <ClInclude Include="include\Utility\Resource.h">
      <Filter>include</Filter>
    </ClInclude>
    <ClInclude Include="include\Utility\ResourcePtr.h">
      <Filter>include</Filter>
    </ClInclude>
  </ItemGroup>
</Project>