<?xml version="1.0" encoding="utf-8"?>
<Project ToolsVersion="4.0" xmlns="http://schemas.microsoft.com/developer/msbuild/2003">
  <ItemGroup>
    <Filter Include="include">
      <UniqueIdentifier>{d9bf559f-eca9-4e1a-acb5-d9c9ca624dab}</UniqueIdentifier>
    </Filter>
    <Filter Include="source">
      <UniqueIdentifier>{4FC737F1-C7A5-4376-A066-2A32D752A2FF}</UniqueIdentifier>
      <Extensions>cpp;c;cc;cxx;def;odl;idl;hpj;bat;asm;asmx</Extensions>
    </Filter>
  </ItemGroup>
  <ItemGroup>
    <ClInclude Include="source\glew.h">
      <Filter>source</Filter>
    </ClInclude>
    <ClInclude Include="include\Render\config.h">
      <Filter>include</Filter>
    </ClInclude>
    <ClInclude Include="include\Render\Material.h">
      <Filter>include</Filter>
    </ClInclude>
    <ClInclude Include="include\Render\Render.h">
      <Filter>include</Filter>
    </ClInclude>
    <ClInclude Include="include\Render\Shader.h">
      <Filter>include</Filter>
    </ClInclude>
    <ClInclude Include="include\Render\StaticMesh.h">
      <Filter>include</Filter>
    </ClInclude>
    <ClInclude Include="include\Render\Texture.h">
      <Filter>include</Filter>
    </ClInclude>
    <ClInclude Include="include\Render\Vertex.h">
      <Filter>include</Filter>
    </ClInclude>
    <ClInclude Include="include\Render\Prop.h">
      <Filter>include</Filter>
    </ClInclude>
    <ClInclude Include="include\Render\StaticMeshComponent.h">
      <Filter>include</Filter>
    </ClInclude>
  </ItemGroup>
  <ItemGroup>
    <ClCompile Include="source\Material.cpp">
      <Filter>source</Filter>
    </ClCompile>
    <ClCompile Include="source\Shader.cpp">
      <Filter>source</Filter>
    </ClCompile>
    <ClCompile Include="source\StaticMesh.cpp">
      <Filter>source</Filter>
    </ClCompile>
    <ClCompile Include="source\Texture.cpp">
      <Filter>source</Filter>
    </ClCompile>
    <ClCompile Include="source\Render.cpp">
      <Filter>source</Filter>
    </ClCompile>
    <ClCompile Include="source\Vertex.cpp">
      <Filter>source</Filter>
    </ClCompile>
    <ClCompile Include="source\Prop.cpp">
      <Filter>source</Filter>
    </ClCompile>
    <ClCompile Include="source\StaticMeshComponent.cpp">
      <Filter>source</Filter>
    </ClCompile>
  </ItemGroup>
</Project>