<?xml version="1.0" encoding="utf-8"?>
<Project ToolsVersion="4.0" xmlns="http://schemas.microsoft.com/developer/msbuild/2003">
  <ItemGroup>
    <Filter Include="Source Files">
      <UniqueIdentifier>{4FC737F1-C7A5-4376-A066-2A32D752A2FF}</UniqueIdentifier>
      <Extensions>cpp;c;cc;cxx;def;odl;idl;hpj;bat;asm;asmx</Extensions>
    </Filter>
    <Filter Include="Include">
      <UniqueIdentifier>{d9bf559f-eca9-4e1a-acb5-d9c9ca624dab}</UniqueIdentifier>
    </Filter>
    <Filter Include="Source Files\Header">
      <UniqueIdentifier>{3a45ca97-a47e-4a0e-8e36-3ca7fae97afe}</UniqueIdentifier>
    </Filter>
    <Filter Include="Source Files\Source">
      <UniqueIdentifier>{a5fa9c11-b1a4-4719-901f-2b0c0b005ac9}</UniqueIdentifier>
    </Filter>
  </ItemGroup>
  <ItemGroup>
    <ClInclude Include="include\Render.h">
      <Filter>Include</Filter>
    </ClInclude>
    <ClInclude Include="source\Renderer.h">
      <Filter>Source Files\Header</Filter>
    </ClInclude>
  </ItemGroup>
  <ItemGroup>
    <ClCompile Include="source\Renderer.cpp">
      <Filter>Source Files\Source</Filter>
    </ClCompile>
  </ItemGroup>
</Project>