<?xml version="1.0" encoding="utf-8"?>
<Project ToolsVersion="4.0" xmlns="http://schemas.microsoft.com/developer/msbuild/2003">
  <ItemGroup>
    <Filter Include="include">
      <UniqueIdentifier>{93995380-89BD-4b04-88EB-625FBE52EBFB}</UniqueIdentifier>
      <Extensions>h;hh;hpp;hxx;hm;inl;inc;xsd</Extensions>
    </Filter>
    <Filter Include="source">
      <UniqueIdentifier>{4FC737F1-C7A5-4376-A066-2A32D752A2FF}</UniqueIdentifier>
      <Extensions>cpp;c;cc;cxx;def;odl;idl;hpj;bat;asm;asmx</Extensions>
    </Filter>
    <Filter Include="private">
      <UniqueIdentifier>{a461fd0e-8a8f-4a6d-94df-5e203b5ee0e0}</UniqueIdentifier>
    </Filter>
  </ItemGroup>
  <ItemGroup>
    <ClInclude Include="include\BulletPhysics\BulletPhysicsSystem.h">
      <Filter>include</Filter>
    </ClInclude>
    <ClInclude Include="include\BulletPhysics\config.h">
      <Filter>include</Filter>
    </ClInclude>
    <ClInclude Include="private\CharacterController.h">
      <Filter>private</Filter>
    </ClInclude>
    <ClInclude Include="private\Common.h">
      <Filter>private</Filter>
    </ClInclude>
    <ClInclude Include="private\DebugDrawer.h">
      <Filter>private</Filter>
    </ClInclude>
    <ClInclude Include="private\EntityCollider.h">
      <Filter>private</Filter>
    </ClInclude>
    <ClInclude Include="private\EntityPhysicsData.h">
      <Filter>private</Filter>
    </ClInclude>
    <ClInclude Include="private\GhostBody.h">
      <Filter>private</Filter>
    </ClInclude>
    <ClInclude Include="private\PhysicsWorld.h">
      <Filter>private</Filter>
    </ClInclude>
    <ClInclude Include="private\RigidBody.h">
      <Filter>private</Filter>
    </ClInclude>
    <ClInclude Include="include\BulletPhysics\Forwards.h">
      <Filter>include</Filter>
    </ClInclude>
    <ClInclude Include="private\TriangleMesh.h">
      <Filter>private</Filter>
    </ClInclude>
  </ItemGroup>
  <ItemGroup>
    <ClCompile Include="source\BulletPhysicsSystem.cpp">
      <Filter>source</Filter>
    </ClCompile>
    <ClCompile Include="source\RigidBody.cpp">
      <Filter>source</Filter>
    </ClCompile>
    <ClCompile Include="source\GhostBody.cpp">
      <Filter>source</Filter>
    </ClCompile>
    <ClCompile Include="source\EntityPhysicsData.cpp">
      <Filter>source</Filter>
    </ClCompile>
    <ClCompile Include="source\CharacterController.cpp">
      <Filter>source</Filter>
    </ClCompile>
    <ClCompile Include="source\DebugDrawer.cpp">
      <Filter>source</Filter>
    </ClCompile>
    <ClCompile Include="source\EntityCollider.cpp">
      <Filter>source</Filter>
    </ClCompile>
    <ClCompile Include="source\TriangleMesh.cpp">
      <Filter>source</Filter>
    </ClCompile>
  </ItemGroup>
</Project>