<?xml version="1.0" encoding="utf-8"?>
<Project ToolsVersion="4.0" xmlns="http://schemas.microsoft.com/developer/msbuild/2003">
  <ItemGroup>
    <Filter Include="include">
      <UniqueIdentifier>{70a96a91-66f9-40e8-81e6-67edcbd4cbfe}</UniqueIdentifier>
    </Filter>
    <Filter Include="source">
      <UniqueIdentifier>{4FC737F1-C7A5-4376-A066-2A32D752A2FF}</UniqueIdentifier>
      <Extensions>cpp;c;cc;cxx;def;odl;idl;hpj;bat;asm;asmx</Extensions>
    </Filter>
    <Filter Include="include\Assets">
      <UniqueIdentifier>{a35cdc63-80fe-46d0-a12e-924cdcf072ba}</UniqueIdentifier>
    </Filter>
    <Filter Include="source\Assets">
      <UniqueIdentifier>{8463d39f-09d5-4366-a577-8607d0e744e8}</UniqueIdentifier>
    </Filter>
    <Filter Include="include\Components">
      <UniqueIdentifier>{a4bd4704-aba2-4ac1-9568-d20b29aa81fd}</UniqueIdentifier>
    </Filter>
    <Filter Include="source\Components">
      <UniqueIdentifier>{30595b4a-e14f-4fc3-ac79-50b01dee0520}</UniqueIdentifier>
    </Filter>
    <Filter Include="include\ServiceInterfaces">
      <UniqueIdentifier>{52017b75-ea13-45c3-aec8-8736b670de11}</UniqueIdentifier>
    </Filter>
    <Filter Include="include\Forwards">
      <UniqueIdentifier>{4dc7fded-fff2-4fb0-9045-870ca456cf4b}</UniqueIdentifier>
    </Filter>
  </ItemGroup>
  <ItemGroup>
    <ClCompile Include="source\Transform.cpp">
      <Filter>source</Filter>
    </ClCompile>
    <ClCompile Include="source\Component.cpp">
      <Filter>source</Filter>
    </ClCompile>
    <ClCompile Include="source\Assets\Texture.cpp">
      <Filter>source\Assets</Filter>
    </ClCompile>
    <ClCompile Include="source\Assets\Shader.cpp">
      <Filter>source\Assets</Filter>
    </ClCompile>
    <ClCompile Include="source\Assets\Material.cpp">
      <Filter>source\Assets</Filter>
    </ClCompile>
    <ClCompile Include="source\Assets\StaticMesh.cpp">
      <Filter>source\Assets</Filter>
    </ClCompile>
    <ClCompile Include="source\World.cpp">
      <Filter>source</Filter>
    </ClCompile>
    <ClCompile Include="source\Components\CameraComponent.cpp">
      <Filter>source\Components</Filter>
    </ClCompile>
    <ClCompile Include="source\Components\CapsuleComponent.cpp">
      <Filter>source\Components</Filter>
    </ClCompile>
    <ClCompile Include="source\Components\LightComponent.cpp">
      <Filter>source\Components</Filter>
    </ClCompile>
    <ClCompile Include="source\Components\PhysicalComponent.cpp">
      <Filter>source\Components</Filter>
    </ClCompile>
    <ClCompile Include="source\Components\StaticMeshComponent.cpp">
      <Filter>source\Components</Filter>
    </ClCompile>
    <ClCompile Include="source\Entity.cpp">
      <Filter>source</Filter>
    </ClCompile>
    <ClCompile Include="source\GameObject.cpp">
      <Filter>source</Filter>
    </ClCompile>
  </ItemGroup>
  <ItemGroup>
    <ClInclude Include="include\Engine\Assets\Material.h">
      <Filter>include\Assets</Filter>
    </ClInclude>
    <ClInclude Include="include\Engine\Assets\Texture.h">
      <Filter>include\Assets</Filter>
    </ClInclude>
    <ClInclude Include="include\Engine\Assets\Shader.h">
      <Filter>include\Assets</Filter>
    </ClInclude>
    <ClInclude Include="include\Engine\Assets\StaticMesh.h">
      <Filter>include\Assets</Filter>
    </ClInclude>
    <ClInclude Include="include\Engine\ServiceInterfaces\IRenderer.h">
      <Filter>include\ServiceInterfaces</Filter>
    </ClInclude>
    <ClInclude Include="include\Engine\Forwards\Engine.h">
      <Filter>include\Forwards</Filter>
    </ClInclude>
    <ClInclude Include="include\Engine\Components\CameraComponent.h">
      <Filter>include\Components</Filter>
    </ClInclude>
    <ClInclude Include="include\Engine\Components\CapsuleComponent.h">
      <Filter>include\Components</Filter>
    </ClInclude>
    <ClInclude Include="include\Engine\Components\LightComponent.h">
      <Filter>include\Components</Filter>
    </ClInclude>
    <ClInclude Include="include\Engine\Components\PhysicalComponent.h">
      <Filter>include\Components</Filter>
    </ClInclude>
    <ClInclude Include="include\Engine\Components\StaticMeshComponent.h">
      <Filter>include\Components</Filter>
    </ClInclude>
    <ClInclude Include="include\Engine\Forwards\Physics.h">
      <Filter>include\Forwards</Filter>
    </ClInclude>
    <ClInclude Include="include\Engine\Component.h">
      <Filter>include</Filter>
    </ClInclude>
    <ClInclude Include="include\Engine\config.h">
      <Filter>include</Filter>
    </ClInclude>
    <ClInclude Include="include\Engine\Entity.h">
      <Filter>include</Filter>
    </ClInclude>
    <ClInclude Include="include\Engine\GHandle.h">
      <Filter>include</Filter>
    </ClInclude>
    <ClInclude Include="include\Engine\Transform.h">
      <Filter>include</Filter>
    </ClInclude>
    <ClInclude Include="include\Engine\World.h">
      <Filter>include</Filter>
    </ClInclude>
    <ClInclude Include="include\Engine\GameObject.h">
      <Filter>include</Filter>
    </ClInclude>
    <ClInclude Include="source\Physics.h">
      <Filter>source</Filter>
    </ClInclude>
  </ItemGroup>
</Project>