<?xml version="1.0" encoding="utf-8"?>
<Project ToolsVersion="4.0" xmlns="http://schemas.microsoft.com/developer/msbuild/2003">
  <ItemGroup>
    <Filter Include="include">
      <UniqueIdentifier>{70a96a91-66f9-40e8-81e6-67edcbd4cbfe}</UniqueIdentifier>
    </Filter>
    <Filter Include="source">
      <UniqueIdentifier>{4FC737F1-C7A5-4376-A066-2A32D752A2FF}</UniqueIdentifier>
      <Extensions>cpp;c;cc;cxx;def;odl;idl;hpj;bat;asm;asmx</Extensions>
    </Filter>
  </ItemGroup>
  <ItemGroup>
    <ClCompile Include="source\Camera.cpp">
      <Filter>source</Filter>
    </ClCompile>
    <ClCompile Include="source\Scene.cpp">
      <Filter>source</Filter>
    </ClCompile>
    <ClCompile Include="source\Prop.cpp">
      <Filter>source</Filter>
    </ClCompile>
    <ClCompile Include="source\GameObject.cpp">
      <Filter>source</Filter>
    </ClCompile>
    <ClCompile Include="source\Transform.cpp">
      <Filter>source</Filter>
    </ClCompile>
    <ClCompile Include="source\EventManager.cpp">
      <Filter>source</Filter>
    </ClCompile>
    <ClCompile Include="source\Game.cpp">
      <Filter>source</Filter>
    </ClCompile>
  </ItemGroup>
  <ItemGroup>
    <ClInclude Include="include\Core\Camera.h">
      <Filter>include</Filter>
    </ClInclude>
    <ClInclude Include="include\Core\config.h">
      <Filter>include</Filter>
    </ClInclude>
    <ClInclude Include="include\Core\Game.h">
      <Filter>include</Filter>
    </ClInclude>
    <ClInclude Include="include\Core\GameObject.h">
      <Filter>include</Filter>
    </ClInclude>
    <ClInclude Include="include\Core\Prop.h">
      <Filter>include</Filter>
    </ClInclude>
    <ClInclude Include="include\Core\Scene.h">
      <Filter>include</Filter>
    </ClInclude>
    <ClInclude Include="include\Core\Transform.h">
      <Filter>include</Filter>
    </ClInclude>
    <ClInclude Include="include\Core\InputDispatcher.h">
      <Filter>include</Filter>
    </ClInclude>
    <ClInclude Include="include\Core\EventManager.h">
      <Filter>include</Filter>
    </ClInclude>
    <ClInclude Include="include\Core\IEventDispatcher.h">
      <Filter>include</Filter>
    </ClInclude>
  </ItemGroup>
</Project>