<?xml version="1.0" encoding="utf-8"?>
<Project ToolsVersion="4.0" xmlns="http://schemas.microsoft.com/developer/msbuild/2003">
  <ItemGroup>
    <Filter Include="include">
      <UniqueIdentifier>{7e34d977-b4e9-4ada-8120-af0db7b52f45}</UniqueIdentifier>
    </Filter>
    <Filter Include="source">
      <UniqueIdentifier>{89a8bc04-2173-4351-8d27-b27366ea153f}</UniqueIdentifier>
    </Filter>
    <Filter Include="include\Containers">
      <UniqueIdentifier>{8e1c55de-ecec-45d6-97c5-900c2172f717}</UniqueIdentifier>
    </Filter>
    <Filter Include="include\Reflection">
      <UniqueIdentifier>{19d6548f-a4ad-4b44-aaeb-fb269e8942f1}</UniqueIdentifier>
    </Filter>
    <Filter Include="source\Reflection">
      <UniqueIdentifier>{143a9d2d-9753-466f-aa37-4c439f237fe6}</UniqueIdentifier>
    </Filter>
    <Filter Include="include\Misc">
      <UniqueIdentifier>{5892826b-e413-4845-bed8-acfd618eaf8c}</UniqueIdentifier>
    </Filter>
    <Filter Include="source\Misc">
      <UniqueIdentifier>{4a8a20ac-15f9-4ad5-a0ea-c39892ad9393}</UniqueIdentifier>
    </Filter>
    <Filter Include="include\Operations">
      <UniqueIdentifier>{614a4998-7fdd-4b88-8871-d12a845b6750}</UniqueIdentifier>
    </Filter>
    <Filter Include="source\Operations">
      <UniqueIdentifier>{0a2c9be1-f423-44a7-878f-4dd6e8152d9e}</UniqueIdentifier>
    </Filter>
    <Filter Include="include\Event">
      <UniqueIdentifier>{2be437ab-1b41-4fd3-9bd7-ae1f8774ba22}</UniqueIdentifier>
    </Filter>
    <Filter Include="source\Event">
      <UniqueIdentifier>{4dff4439-0f05-445b-975d-cef7a5ae6e73}</UniqueIdentifier>
    </Filter>
    <Filter Include="include\Memory">
      <UniqueIdentifier>{1aebb451-f788-4d3a-9270-95bae9daab9d}</UniqueIdentifier>
    </Filter>
    <Filter Include="include\Forwards">
      <UniqueIdentifier>{0b780da5-afb7-46cb-8d61-2ee263c9a423}</UniqueIdentifier>
    </Filter>
    <Filter Include="source\Memory">
      <UniqueIdentifier>{f385ed7c-d2b3-4e5f-9e63-205e0a0b6745}</UniqueIdentifier>
    </Filter>
    <Filter Include="source\Containers">
      <UniqueIdentifier>{921bc82c-4041-4277-b69c-de5fb4bb7b9b}</UniqueIdentifier>
    </Filter>
    <Filter Include="include\Math">
      <UniqueIdentifier>{2cd78ca9-d9bf-4126-9b7a-ca1724317a00}</UniqueIdentifier>
    </Filter>
    <Filter Include="source\Math">
      <UniqueIdentifier>{2d940d36-c5e3-4814-8cec-2f815e9143f4}</UniqueIdentifier>
    </Filter>
    <Filter Include="include\Concurrency">
      <UniqueIdentifier>{6127085b-8d7f-4d75-9835-f9a0316688af}</UniqueIdentifier>
    </Filter>
    <Filter Include="include\IO">
      <UniqueIdentifier>{9c50e67e-59ad-420b-b035-1406bbdf837d}</UniqueIdentifier>
    </Filter>
    <Filter Include="include\Test">
      <UniqueIdentifier>{23c6307d-40d7-4a30-9f9d-7466427e97d4}</UniqueIdentifier>
    </Filter>
    <Filter Include="source\IO">
      <UniqueIdentifier>{580e232c-26e7-4b12-9b1c-b7356f739dec}</UniqueIdentifier>
    </Filter>
    <Filter Include="source\Test">
      <UniqueIdentifier>{f7fd4350-9b08-40b5-a354-1e2235deefdd}</UniqueIdentifier>
    </Filter>
    <Filter Include="include\STDE">
      <UniqueIdentifier>{e16c4a17-428e-47dc-9d14-94d5cce65c36}</UniqueIdentifier>
    </Filter>
  </ItemGroup>
  <ItemGroup>
    <ClInclude Include="include\Core\Containers\Array.h">
      <Filter>include\Containers</Filter>
    </ClInclude>
    <ClInclude Include="include\Core\Containers\List.h">
      <Filter>include\Containers</Filter>
    </ClInclude>
    <ClInclude Include="include\Core\Containers\Pair.h">
      <Filter>include\Containers</Filter>
    </ClInclude>
    <ClInclude Include="include\Core\Containers\Queue.h">
      <Filter>include\Containers</Filter>
    </ClInclude>
    <ClInclude Include="include\Core\Containers\Stack.h">
      <Filter>include\Containers</Filter>
    </ClInclude>
    <ClInclude Include="include\Core\Reflection\ClassInfo.h">
      <Filter>include\Reflection</Filter>
    </ClInclude>
    <ClInclude Include="include\Core\Reflection\InterfaceInfo.h">
      <Filter>include\Reflection</Filter>
    </ClInclude>
    <ClInclude Include="include\Core\Reflection\Module.h">
      <Filter>include\Reflection</Filter>
    </ClInclude>
    <ClInclude Include="include\Core\Reflection\PointerInfo.h">
      <Filter>include\Reflection</Filter>
    </ClInclude>
    <ClInclude Include="include\Core\Reflection\PrimitiveInfo.h">
      <Filter>include\Reflection</Filter>
    </ClInclude>
    <ClInclude Include="include\Core\Reflection\StructInfo.h">
      <Filter>include\Reflection</Filter>
    </ClInclude>
    <ClInclude Include="include\Core\Reflection\TypeInfo.h">
      <Filter>include\Reflection</Filter>
    </ClInclude>
    <ClInclude Include="include\Core\config.h">
      <Filter>include</Filter>
    </ClInclude>
    <ClInclude Include="include\Core\Interface.h">
      <Filter>include</Filter>
    </ClInclude>
    <ClInclude Include="include\Core\Object.h">
      <Filter>include</Filter>
    </ClInclude>
    <ClInclude Include="include\Core\Application.h">
      <Filter>include</Filter>
    </ClInclude>
    <ClInclude Include="include\Core\Misc\TimeStamp.h">
      <Filter>include\Misc</Filter>
    </ClInclude>
    <ClInclude Include="include\Core\Containers\Table.h">
      <Filter>include\Containers</Filter>
    </ClInclude>
    <ClInclude Include="include\Core\Containers\Tuple.h">
      <Filter>include\Containers</Filter>
    </ClInclude>
    <ClInclude Include="include\Core\env.h">
      <Filter>include</Filter>
    </ClInclude>
    <ClInclude Include="include\Core\Reflection\Variant.h">
      <Filter>include\Reflection</Filter>
    </ClInclude>
    <ClInclude Include="include\Core\Misc\Signature.h">
      <Filter>include\Misc</Filter>
    </ClInclude>
    <ClInclude Include="include\Core\Reflection\VoidInfo.h">
      <Filter>include\Reflection</Filter>
    </ClInclude>
    <ClInclude Include="include\Core\Operations\FromString.h">
      <Filter>include\Operations</Filter>
    </ClInclude>
    <ClInclude Include="include\Core\Core.h">
      <Filter>include</Filter>
    </ClInclude>
    <ClInclude Include="include\Core\Event\Event.h">
      <Filter>include\Event</Filter>
    </ClInclude>
    <ClInclude Include="include\Core\Event\EventHandler.h">
      <Filter>include\Event</Filter>
    </ClInclude>
    <ClInclude Include="include\Core\Event\EventManager.h">
      <Filter>include\Event</Filter>
    </ClInclude>
    <ClInclude Include="include\Core\Reflection\EnumInfo.h">
      <Filter>include\Reflection</Filter>
    </ClInclude>
    <ClInclude Include="include\Core\Reflection\PropertyInfo.h">
      <Filter>include\Reflection</Filter>
    </ClInclude>
    <ClInclude Include="include\Core\Reflection\CompoundInfo.h">
      <Filter>include\Reflection</Filter>
    </ClInclude>
    <ClInclude Include="include\Core\Forwards\Operations.h">
      <Filter>include\Forwards</Filter>
    </ClInclude>
    <ClInclude Include="include\Core\Forwards\Memory.h">
      <Filter>include\Forwards</Filter>
    </ClInclude>
    <ClInclude Include="include\Core\Reflection\Reflection.h">
      <Filter>include\Reflection</Filter>
    </ClInclude>
    <ClInclude Include="include\Core\Forwards\Reflection.h">
      <Filter>include\Forwards</Filter>
    </ClInclude>
    <ClInclude Include="include\Core\Forwards\Core.h">
      <Filter>include\Forwards</Filter>
    </ClInclude>
    <ClInclude Include="include\Core\Containers\DynamicBuffer.h">
      <Filter>include\Containers</Filter>
    </ClInclude>
    <ClInclude Include="include\Core\Containers\StaticBuffer.h">
      <Filter>include\Containers</Filter>
    </ClInclude>
    <ClInclude Include="include\Core\Operations\TypeOps.h">
      <Filter>include\Operations</Filter>
    </ClInclude>
    <ClInclude Include="include\Core\Forwards\Containers.h">
      <Filter>include\Forwards</Filter>
    </ClInclude>
    <ClInclude Include="include\Core\Math\Mat4.h">
      <Filter>include\Math</Filter>
    </ClInclude>
    <ClInclude Include="include\Core\Math\Math.h">
      <Filter>include\Math</Filter>
    </ClInclude>
    <ClInclude Include="include\Core\Math\Quat.h">
      <Filter>include\Math</Filter>
    </ClInclude>
    <ClInclude Include="include\Core\Math\Vec2.h">
      <Filter>include\Math</Filter>
    </ClInclude>
    <ClInclude Include="include\Core\Math\Vec3.h">
      <Filter>include\Math</Filter>
    </ClInclude>
    <ClInclude Include="include\Core\Math\Vec4.h">
      <Filter>include\Math</Filter>
    </ClInclude>
    <ClInclude Include="include\Core\Reflection\TypePtr.h">
      <Filter>include\Reflection</Filter>
    </ClInclude>
    <ClInclude Include="include\Core\Memory\UniquePtr.h">
      <Filter>include\Memory</Filter>
    </ClInclude>
    <ClInclude Include="include\Core\Operations\ToArchive.h">
      <Filter>include\Operations</Filter>
    </ClInclude>
    <ClInclude Include="include\Core\Operations\FromArchive.h">
      <Filter>include\Operations</Filter>
    </ClInclude>
    <ClInclude Include="include\Core\Reflection\DataInfo.h">
      <Filter>include\Reflection</Filter>
    </ClInclude>
    <ClInclude Include="include\Core\Memory\MemoryBlock.h">
      <Filter>include\Memory</Filter>
    </ClInclude>
    <ClInclude Include="include\Core\Memory\Ptr.h">
      <Filter>include\Memory</Filter>
    </ClInclude>
    <ClInclude Include="include\Core\Memory\MemoryManager.h">
      <Filter>include\Memory</Filter>
    </ClInclude>
    <ClInclude Include="include\Core\Memory\New.h">
      <Filter>include\Memory</Filter>
    </ClInclude>
    <ClInclude Include="include\Core\Containers\Nullable.h">
      <Filter>include\Containers</Filter>
    </ClInclude>
    <ClInclude Include="include\Core\Containers\Union.h">
      <Filter>include\Containers</Filter>
    </ClInclude>
    <ClInclude Include="include\Core\Memory\PointerBase.h">
      <Filter>include\Memory</Filter>
    </ClInclude>
    <ClInclude Include="include\Core\Math\Angle.h">
      <Filter>include\Math</Filter>
    </ClInclude>
    <ClInclude Include="include\Core\Concurrency\Task.h">
      <Filter>include\Concurrency</Filter>
    </ClInclude>
    <ClInclude Include="include\Core\IO\ArchiveNode.h">
      <Filter>include\IO</Filter>
    </ClInclude>
    <ClInclude Include="include\Core\IO\Console.h">
      <Filter>include\IO</Filter>
    </ClInclude>
    <ClInclude Include="include\Core\Containers\String.h">
      <Filter>include\Containers</Filter>
    </ClInclude>
    <ClInclude Include="include\Core\Test\Test.h">
      <Filter>include\Test</Filter>
    </ClInclude>
    <ClInclude Include="include\Core\Forwards\IO.h">
      <Filter>include\Forwards</Filter>
    </ClInclude>
    <ClInclude Include="include\Core\STDE\TypeTraits.h">
      <Filter>include\STDE</Filter>
    </ClInclude>
    <ClInclude Include="include\Core\STDE\Utility.h">
      <Filter>include\STDE</Filter>
    </ClInclude>
  </ItemGroup>
  <ItemGroup>
    <ClCompile Include="source\Object.cpp">
      <Filter>source</Filter>
    </ClCompile>
    <ClCompile Include="source\Reflection\TypeInfo.cpp">
      <Filter>source\Reflection</Filter>
    </ClCompile>
    <ClCompile Include="source\Reflection\ClassInfo.cpp">
      <Filter>source\Reflection</Filter>
    </ClCompile>
    <ClCompile Include="source\Reflection\PrimitiveInfo.cpp">
      <Filter>source\Reflection</Filter>
    </ClCompile>
    <ClCompile Include="source\Reflection\PointerInfo.cpp">
      <Filter>source\Reflection</Filter>
    </ClCompile>
    <ClCompile Include="source\Reflection\StructInfo.cpp">
      <Filter>source\Reflection</Filter>
    </ClCompile>
    <ClCompile Include="source\Reflection\InterfaceInfo.cpp">
      <Filter>source\Reflection</Filter>
    </ClCompile>
    <ClCompile Include="source\Reflection\Module.cpp">
      <Filter>source\Reflection</Filter>
    </ClCompile>
    <ClCompile Include="source\Application.cpp">
      <Filter>source</Filter>
    </ClCompile>
    <ClCompile Include="source\Misc\TimeStamp.cpp">
      <Filter>source\Misc</Filter>
    </ClCompile>
    <ClCompile Include="source\Reflection\VoidInfo.cpp">
      <Filter>source\Reflection</Filter>
    </ClCompile>
    <ClCompile Include="source\Operations\ToString.cpp">
      <Filter>source\Operations</Filter>
    </ClCompile>
    <ClCompile Include="source\Operations\FromString.cpp">
      <Filter>source\Operations</Filter>
    </ClCompile>
    <ClCompile Include="source\Event\Event.cpp">
      <Filter>source\Event</Filter>
    </ClCompile>
    <ClCompile Include="source\Reflection\Reflection.cpp">
      <Filter>source\Reflection</Filter>
    </ClCompile>
    <ClCompile Include="source\Reflection\CompoundInfo.cpp">
      <Filter>source\Reflection</Filter>
    </ClCompile>
    <ClCompile Include="source\Reflection\PropertyInfo.cpp">
      <Filter>source\Reflection</Filter>
    </ClCompile>
    <ClCompile Include="source\Event\EventHandler.cpp">
      <Filter>source\Event</Filter>
    </ClCompile>
    <ClCompile Include="source\Event\EventManager.cpp">
      <Filter>source\Event</Filter>
    </ClCompile>
    <ClCompile Include="source\Memory\OwnerPtr.cpp">
      <Filter>source\Memory</Filter>
    </ClCompile>
    <ClCompile Include="source\Containers\DynamicBuffer.cpp">
      <Filter>source\Containers</Filter>
    </ClCompile>
    <ClCompile Include="source\Math\Mat4.cpp">
      <Filter>source\Math</Filter>
    </ClCompile>
    <ClCompile Include="source\Math\Quat.cpp">
      <Filter>source\Math</Filter>
    </ClCompile>
    <ClCompile Include="source\Math\Vec2.cpp">
      <Filter>source\Math</Filter>
    </ClCompile>
    <ClCompile Include="source\Math\Vec3.cpp">
      <Filter>source\Math</Filter>
    </ClCompile>
    <ClCompile Include="source\Math\Vec4.cpp">
      <Filter>source\Math</Filter>
    </ClCompile>
    <ClCompile Include="source\Reflection\EnumInfo.cpp">
      <Filter>source\Reflection</Filter>
    </ClCompile>
    <ClCompile Include="source\Reflection\DataInfo.cpp">
      <Filter>source\Reflection</Filter>
    </ClCompile>
    <ClCompile Include="source\Memory\MemoryManager.cpp">
      <Filter>source\Memory</Filter>
    </ClCompile>
    <ClCompile Include="source\Memory\MemoryBlock.cpp">
      <Filter>source\Memory</Filter>
    </ClCompile>
    <ClCompile Include="source\Testing\Test.cpp">
      <Filter>source\Test</Filter>
    </ClCompile>
    <ClCompile Include="source\Containers\String.cpp">
      <Filter>source\Containers</Filter>
    </ClCompile>
    <ClCompile Include="source\IO\Console.cpp">
      <Filter>source\IO</Filter>
    </ClCompile>
  </ItemGroup>
  <ItemGroup>
    <None Include="include\Core\Operations\ToString.h">
      <Filter>include\Operations</Filter>
    </None>
  </ItemGroup>
</Project>